<?xml version="1.0" encoding="utf-8"?>
<Project ToolsVersion="4.0" xmlns="http://schemas.microsoft.com/developer/msbuild/2003">
  <ItemGroup>
    <Filter Include="Utility">
      <UniqueIdentifier>{d7c15176-ab2a-430b-a6e0-c0353e1be0a5}</UniqueIdentifier>
    </Filter>
    <Filter Include="DirectX11">
      <UniqueIdentifier>{12cefe09-7d1e-43c7-a4b3-c4b7f7b24664}</UniqueIdentifier>
    </Filter>
    <Filter Include="DirectX11\Adapter">
      <UniqueIdentifier>{62bdde1c-ecf1-4c66-9fef-c19e7350de48}</UniqueIdentifier>
    </Filter>
    <Filter Include="App">
      <UniqueIdentifier>{5a70f194-0efc-424b-8872-3db6718abfe6}</UniqueIdentifier>
    </Filter>
    <Filter Include="App\Window">
      <UniqueIdentifier>{9c4df2fb-4766-4b04-81c7-03898898b45d}</UniqueIdentifier>
    </Filter>
    <Filter Include="Utility\Error">
      <UniqueIdentifier>{9399635b-3e09-4eb9-8597-316a4d68bef9}</UniqueIdentifier>
    </Filter>
    <Filter Include="Utility\Input">
      <UniqueIdentifier>{f62a52ff-fef8-47f5-839c-a7682da5b1ec}</UniqueIdentifier>
    </Filter>
    <Filter Include="Utility\DxError">
      <UniqueIdentifier>{b67843f2-e99a-4849-bcf0-2abe977a7a42}</UniqueIdentifier>
    </Filter>
    <Filter Include="Shader">
      <UniqueIdentifier>{eae81b10-1f29-45a7-92f2-faebb8093ec7}</UniqueIdentifier>
    </Filter>
  </ItemGroup>
  <ItemGroup>
    <ClCompile Include="src\dxerr\dxerr.cpp">
      <Filter>Utility\DxError</Filter>
    </ClCompile>
    <ClCompile Include="src\AdapterReader.cpp">
      <Filter>DirectX11\Adapter</Filter>
    </ClCompile>
    <ClCompile Include="src\App.cpp">
      <Filter>App</Filter>
    </ClCompile>
    <ClCompile Include="src\DxTimer.cpp">
      <Filter>Utility</Filter>
    </ClCompile>
    <ClCompile Include="src\ErrorLogger.cpp">
      <Filter>Utility\Error</Filter>
    </ClCompile>
    <ClCompile Include="src\Graphics.cpp">
      <Filter>DirectX11</Filter>
    </ClCompile>
    <ClCompile Include="src\GraphicsException.cpp">
      <Filter>Utility\Error</Filter>
    </ClCompile>
    <ClCompile Include="src\Keyboard.cpp">
      <Filter>Utility\Input</Filter>
    </ClCompile>
    <ClCompile Include="src\Main.cpp">
      <Filter>App</Filter>
    </ClCompile>
    <ClCompile Include="src\Mouse.cpp">
      <Filter>Utility\Input</Filter>
    </ClCompile>
    <ClCompile Include="src\StringConverter.cpp">
      <Filter>Utility</Filter>
    </ClCompile>
    <ClCompile Include="src\Window.cpp">
      <Filter>App\Window</Filter>
    </ClCompile>
    <ClCompile Include="src\WindowException.cpp">
      <Filter>Utility\Error</Filter>
    </ClCompile>
    <ClCompile Include="src\WindowMessageMap.cpp">
      <Filter>Utility</Filter>
    </ClCompile>
    <ClCompile Include="src\WinException.cpp">
      <Filter>Utility\Error</Filter>
    </ClCompile>
    <ClCompile Include="src\DxgiInfoManager.cpp">
      <Filter>Utility</Filter>
    </ClCompile>
  </ItemGroup>
  <ItemGroup>
    <ClInclude Include="src\dxerr\dxerr.h">
      <Filter>Utility\DxError</Filter>
    </ClInclude>
    <ClInclude Include="src\AdapterReader.h">
      <Filter>DirectX11\Adapter</Filter>
    </ClInclude>
    <ClInclude Include="src\App.h">
      <Filter>App</Filter>
    </ClInclude>
    <ClInclude Include="src\DisableUnusedDefine.h">
      <Filter>Utility</Filter>
    </ClInclude>
    <ClInclude Include="src\DxTimer.h">
      <Filter>Utility</Filter>
    </ClInclude>
    <ClInclude Include="src\ErrorLogger.h">
      <Filter>Utility\Error</Filter>
    </ClInclude>
    <ClInclude Include="src\Graphics.h">
      <Filter>DirectX11</Filter>
    </ClInclude>
    <ClInclude Include="src\GraphicsException.h">
      <Filter>Utility\Error</Filter>
    </ClInclude>
    <ClInclude Include="src\Keyboard.h">
      <Filter>Utility\Input</Filter>
    </ClInclude>
    <ClInclude Include="src\Mouse.h">
      <Filter>Utility\Input</Filter>
    </ClInclude>
    <ClInclude Include="src\ReleaseProcess.h">
      <Filter>Utility</Filter>
    </ClInclude>
    <ClInclude Include="src\Singleton.h">
      <Filter>Utility</Filter>
    </ClInclude>
    <ClInclude Include="src\StringConverter.h">
      <Filter>Utility</Filter>
    </ClInclude>
    <ClInclude Include="src\Window.h">
      <Filter>App\Window</Filter>
    </ClInclude>
    <ClInclude Include="src\WindowException.h">
      <Filter>Utility\Error</Filter>
    </ClInclude>
    <ClInclude Include="src\WindowMessageMap.h">
      <Filter>Utility</Filter>
    </ClInclude>
    <ClInclude Include="src\WinException.h">
      <Filter>Utility\Error</Filter>
    </ClInclude>
    <ClInclude Include="src\DxgiInfoManager.h">
      <Filter>Utility</Filter>
    </ClInclude>
  </ItemGroup>
  <ItemGroup>
    <None Include="src\dxerr\DXGetErrorDescription.inl">
      <Filter>Utility\DxError</Filter>
    </None>
    <None Include="src\dxerr\DXGetErrorString.inl">
      <Filter>Utility\DxError</Filter>
    </None>
    <None Include="src\dxerr\DXTrace.inl">
      <Filter>Utility\DxError</Filter>
    </None>
  </ItemGroup>
  <ItemGroup>
    <FxCompile Include="VertexShader.hlsl">
      <Filter>Shader</Filter>
    </FxCompile>
    <FxCompile Include="PixelShader.hlsl">
      <Filter>Shader</Filter>
    </FxCompile>
  </ItemGroup>
</Project>