<?xml version="1.0" encoding="utf-8"?>
<Project ToolsVersion="4.0" xmlns="http://schemas.microsoft.com/developer/msbuild/2003">
  <ItemGroup>
    <Filter Include="Utility">
      <UniqueIdentifier>{d7c15176-ab2a-430b-a6e0-c0353e1be0a5}</UniqueIdentifier>
    </Filter>
    <Filter Include="DirectX11">
      <UniqueIdentifier>{12cefe09-7d1e-43c7-a4b3-c4b7f7b24664}</UniqueIdentifier>
    </Filter>
    <Filter Include="DirectX11\Adapter">
      <UniqueIdentifier>{62bdde1c-ecf1-4c66-9fef-c19e7350de48}</UniqueIdentifier>
    </Filter>
    <Filter Include="App">
      <UniqueIdentifier>{5a70f194-0efc-424b-8872-3db6718abfe6}</UniqueIdentifier>
    </Filter>
    <Filter Include="App\Window">
      <UniqueIdentifier>{9c4df2fb-4766-4b04-81c7-03898898b45d}</UniqueIdentifier>
    </Filter>
    <Filter Include="Utility\Error">
      <UniqueIdentifier>{9399635b-3e09-4eb9-8597-316a4d68bef9}</UniqueIdentifier>
    </Filter>
    <Filter Include="Utility\Input">
      <UniqueIdentifier>{f62a52ff-fef8-47f5-839c-a7682da5b1ec}</UniqueIdentifier>
    </Filter>
  </ItemGroup>
  <ItemGroup>
    <ClCompile Include="StringConverter.cpp">
      <Filter>Utility</Filter>
    </ClCompile>
    <ClCompile Include="AdapterReader.cpp">
      <Filter>DirectX11\Adapter</Filter>
    </ClCompile>
    <ClCompile Include="Main.cpp">
      <Filter>App</Filter>
    </ClCompile>
    <ClCompile Include="WindowMessageMap.cpp">
      <Filter>Utility</Filter>
    </ClCompile>
    <ClCompile Include="Window.cpp">
      <Filter>App\Window</Filter>
    </ClCompile>
    <ClCompile Include="ErrorLogger.cpp">
      <Filter>Utility\Error</Filter>
    </ClCompile>
    <ClCompile Include="WinException.cpp">
      <Filter>Utility\Error</Filter>
    </ClCompile>
    <ClCompile Include="WindowException.cpp">
      <Filter>Utility\Error</Filter>
    </ClCompile>
    <ClCompile Include="Keyboard.cpp">
      <Filter>Utility\Input</Filter>
    </ClCompile>
  </ItemGroup>
  <ItemGroup>
    <ClInclude Include="ReleaseProcess.h">
      <Filter>Utility</Filter>
    </ClInclude>
    <ClInclude Include="StringConverter.h">
      <Filter>Utility</Filter>
    </ClInclude>
    <ClInclude Include="AdapterReader.h">
      <Filter>DirectX11\Adapter</Filter>
    </ClInclude>
    <ClInclude Include="WindowMessageMap.h">
      <Filter>Utility</Filter>
    </ClInclude>
    <ClInclude Include="Window.h">
      <Filter>App\Window</Filter>
    </ClInclude>
    <ClInclude Include="DisableUnusedDefine.h">
      <Filter>Utility</Filter>
    </ClInclude>
    <ClInclude Include="Singleton.h">
      <Filter>Utility</Filter>
    </ClInclude>
    <ClInclude Include="ErrorLogger.h">
      <Filter>Utility\Error</Filter>
    </ClInclude>
    <ClInclude Include="WinException.h">
      <Filter>Utility\Error</Filter>
    </ClInclude>
    <ClInclude Include="WindowException.h">
      <Filter>Utility\Error</Filter>
    </ClInclude>
    <ClInclude Include="Keyboard.h">
      <Filter>Utility\Input</Filter>
    </ClInclude>
  </ItemGroup>
</Project>