
Microsoft Visual Studio Solution File, Format Version 12.00
# Visual Studio Version 16
VisualStudioVersion = 16.0.30225.117
MinimumVisualStudioVersion = 10.0.40219.1
Project("{8BC9CEB8-8B4A-11D0-8D11-00A0C91BC942}") = "DirectX11Engine1", "DirectX11Engine1\DirectX11Engine1.vcxproj", "{B7C330E6-3ADA-42CD-B1A2-005B6E98F820}"
EndProject
Global
	GlobalSection(SolutionConfigurationPlatforms) = preSolution
		Debug|x64 = Debug|x64
		Debug|x86 = Debug|x86
		Release|x64 = Release|x64
		Release|x86 = Release|x86
	EndGlobalSection
	GlobalSection(ProjectConfigurationPlatforms) = postSolution
		{B7C330E6-3ADA-42CD-B1A2-005B6E98F820}.Debug|x64.ActiveCfg = Debug|x64
		{B7C330E6-3ADA-42CD-B1A2-005B6E98F820}.Debug|x64.Build.0 = Debug|x64
		{B7C330E6-3ADA-42CD-B1A2-005B6E98F820}.Debug|x86.ActiveCfg = Debug|Win32
		{B7C330E6-3ADA-42CD-B1A2-005B6E98F820}.Debug|x86.Build.0 = Debug|Win32
		{B7C330E6-3ADA-42CD-B1A2-005B6E98F820}.Release|x64.ActiveCfg = Release|x64
		{B7C330E6-3ADA-42CD-B1A2-005B6E98F820}.Release|x64.Build.0 = Release|x64
		{B7C330E6-3ADA-42CD-B1A2-005B6E98F820}.Release|x86.ActiveCfg = Release|Win32
		{B7C330E6-3ADA-42CD-B1A2-005B6E98F820}.Release|x86.Build.0 = Release|Win32
	EndGlobalSection
	GlobalSection(SolutionProperties) = preSolution
		HideSolutionNode = FALSE
	EndGlobalSection
	GlobalSection(ExtensibilityGlobals) = postSolution
		SolutionGuid = {45E49EE3-CE90-4E3B-A44F-41A8816C80B1}
	EndGlobalSection
EndGlobal
